
Microsoft Visual Studio Solution File, Format Version 12.00
# Visual Studio Version 17
VisualStudioVersion = 17.8.34525.116
MinimumVisualStudioVersion = 10.0.40219.1
Project("{2150E333-8FDC-42A3-9474-1A3956D46DE8}") = "Services", "Services", "{498BE131-992B-4608-A12D-F8F5431DB361}"
EndProject
Project("{2150E333-8FDC-42A3-9474-1A3956D46DE8}") = "Catalog", "Catalog", "{5925A46B-AD89-425F-B098-A41902D7A3FA}"
EndProject
Project("{2150E333-8FDC-42A3-9474-1A3956D46DE8}") = "Basket", "Basket", "{AEB6662D-7E15-48EC-AFB4-9D3E6D0D319B}"
EndProject
Project("{2150E333-8FDC-42A3-9474-1A3956D46DE8}") = "Order", "Order", "{12236B55-485C-4D0B-917A-3B7AE911FB28}"
EndProject
Project("{2150E333-8FDC-42A3-9474-1A3956D46DE8}") = "Discount", "Discount", "{A325C632-29B5-4197-B876-075EDA70C645}"
EndProject
Project("{2150E333-8FDC-42A3-9474-1A3956D46DE8}") = "Payment", "Payment", "{20E8D10C-FB04-4441-A2AA-85843A74D053}"
EndProject
Project("{2150E333-8FDC-42A3-9474-1A3956D46DE8}") = "Frontend", "Frontend", "{5B524722-DE79-4F35-BA22-BA1F872BE1B9}"
EndProject
Project("{2150E333-8FDC-42A3-9474-1A3956D46DE8}") = "ToDo", "ToDo", "{626CB867-3567-4A0C-9B4E-A2C4A2B7D4F8}"
	ProjectSection(SolutionItems) = preProject
		ocelotCodeExample.txt = ocelotCodeExample.txt
		TextFile1.txt = TextFile1.txt
	EndProjectSection
EndProject
Project("{2150E333-8FDC-42A3-9474-1A3956D46DE8}") = "IdentityServer", "IdentityServer", "{B9AEBA7E-0E62-472B-9362-ACBAF2AA0B80}"
EndProject
Project("{9A19103F-16F7-4668-BE54-9A1E7A4F7556}") = "SJwtCase.Catalog", "Services\Catalog\SJwtCase.Catalog\SJwtCase.Catalog.csproj", "{5749EC54-19E8-4E4E-A3CC-700214C7E537}"
EndProject
Project("{9A19103F-16F7-4668-BE54-9A1E7A4F7556}") = "SJwtCase.Discount", "Services\Discount\SJwtCase.Discount\SJwtCase.Discount.csproj", "{B1AE34A6-AC40-4F79-893E-89E717D03A15}"
EndProject
Project("{9A19103F-16F7-4668-BE54-9A1E7A4F7556}") = "SJwtCase.Order.EntityLayer", "Services\Order\SJwtCase.Order.EntityLayer\SJwtCase.Order.EntityLayer.csproj", "{8182CA3A-6F4C-4EC6-A159-6C5BEF4E333E}"
EndProject
Project("{9A19103F-16F7-4668-BE54-9A1E7A4F7556}") = "SJwtCase.Order.DataAccessLayer", "Services\Order\SJwtCase.Order.DataAccessLayer\SJwtCase.Order.DataAccessLayer.csproj", "{9F3A97D7-65F2-4D10-8587-1D24320E1D4D}"
EndProject
Project("{9A19103F-16F7-4668-BE54-9A1E7A4F7556}") = "SJwtCase.Order.BusinessLayer", "Services\Order\SJwtCase.Order.BusinessLayer\SJwtCase.Order.BusinessLayer.csproj", "{ED1CB500-D20A-4A3B-9DB2-FF0C37695C5F}"
EndProject
Project("{9A19103F-16F7-4668-BE54-9A1E7A4F7556}") = "SJwtCase.Order.WebApi", "Services\Order\SJwtCase.Order.WebApi\SJwtCase.Order.WebApi.csproj", "{633DDADC-62AE-45E7-A8DC-CDA30C90C4E5}"
EndProject
Project("{9A19103F-16F7-4668-BE54-9A1E7A4F7556}") = "SJwtCase.Order.DtoLayer", "Services\Order\SJwtCase.Order.DtoLayer\SJwtCase.Order.DtoLayer.csproj", "{539CDB6E-71E1-4FD2-95D7-FE719AE53F42}"
EndProject
Project("{2150E333-8FDC-42A3-9474-1A3956D46DE8}") = "ApiGateway", "ApiGateway", "{80C9E45E-948A-4DB6-A1EE-B57D9F5C43C4}"
EndProject
Project("{9A19103F-16F7-4668-BE54-9A1E7A4F7556}") = "SJwtCase.IdentityServer", "IdentityServer\SJwtCase.IdentityServer\SJwtCase.IdentityServer.csproj", "{91657050-F8F7-4917-AD32-5258AEBDC3EF}"
EndProject
Project("{2150E333-8FDC-42A3-9474-1A3956D46DE8}") = "Message", "Message", "{14F951DC-3E5C-4E48-970A-2AF2902431AB}"
EndProject
Project("{2150E333-8FDC-42A3-9474-1A3956D46DE8}") = "Core", "Core", "{FD586774-2DDA-4276-AA3D-E83E215CC26C}"
EndProject
Project("{2150E333-8FDC-42A3-9474-1A3956D46DE8}") = "Infrastructure", "Infrastructure", "{64687425-BDBB-4D6C-8E32-51D9FA85E187}"
EndProject
Project("{2150E333-8FDC-42A3-9474-1A3956D46DE8}") = "Presentation", "Presentation", "{45CD7140-CA5E-4022-942C-FEED43DFD67F}"
EndProject
Project("{9A19103F-16F7-4668-BE54-9A1E7A4F7556}") = "SJwtCase.Message.Domain", "Services\Message\Core\SJwtCase.Message.Domain\SJwtCase.Message.Domain.csproj", "{0B6CC63A-8965-4976-9247-C024D427B569}"
EndProject
Project("{9A19103F-16F7-4668-BE54-9A1E7A4F7556}") = "SJwtCase.Message.Application", "Services\Message\Core\SJwtCase.Message.Application\SJwtCase.Message.Application.csproj", "{AF8A08EF-B652-4ECD-9D01-5A4B870C770A}"
EndProject
Project("{9A19103F-16F7-4668-BE54-9A1E7A4F7556}") = "SJwtCase.Message.Api", "Services\Message\Presentation\SJwtCase.Message.Api\SJwtCase.Message.Api.csproj", "{796B9DCE-3471-4166-AB05-C08D80EECD74}"
EndProject
Project("{9A19103F-16F7-4668-BE54-9A1E7A4F7556}") = "SJwtCase.Message.Persistence", "Services\Message\Infrastructure\SJwtCase.Message.Persistence\SJwtCase.Message.Persistence.csproj", "{7AD438DE-C3A0-400E-9F0C-2940DE0BD4DB}"
EndProject
Project("{9A19103F-16F7-4668-BE54-9A1E7A4F7556}") = "SJwtCase.OcelotGateway", "ApiGateway\SJwtCase.OcelotGateway\SJwtCase.OcelotGateway.csproj", "{37092C74-8E3D-4DCF-9CD9-6732348B182F}"
EndProject
Project("{FAE04EC0-301F-11D3-BF4B-00C04F79EFBC}") = "SJwtCase.Basket", "Services\Basket\SJwtCase.Basket\SJwtCase.Basket.csproj", "{53691C59-47EC-48AB-AE58-02FDEBEA2C84}"
EndProject
Global
	GlobalSection(SolutionConfigurationPlatforms) = preSolution
		Debug|Any CPU = Debug|Any CPU
		Release|Any CPU = Release|Any CPU
	EndGlobalSection
	GlobalSection(ProjectConfigurationPlatforms) = postSolution
		{5749EC54-19E8-4E4E-A3CC-700214C7E537}.Debug|Any CPU.ActiveCfg = Debug|Any CPU
		{5749EC54-19E8-4E4E-A3CC-700214C7E537}.Debug|Any CPU.Build.0 = Debug|Any CPU
		{5749EC54-19E8-4E4E-A3CC-700214C7E537}.Release|Any CPU.ActiveCfg = Release|Any CPU
		{5749EC54-19E8-4E4E-A3CC-700214C7E537}.Release|Any CPU.Build.0 = Release|Any CPU
		{B1AE34A6-AC40-4F79-893E-89E717D03A15}.Debug|Any CPU.ActiveCfg = Debug|Any CPU
		{B1AE34A6-AC40-4F79-893E-89E717D03A15}.Debug|Any CPU.Build.0 = Debug|Any CPU
		{B1AE34A6-AC40-4F79-893E-89E717D03A15}.Release|Any CPU.ActiveCfg = Release|Any CPU
		{B1AE34A6-AC40-4F79-893E-89E717D03A15}.Release|Any CPU.Build.0 = Release|Any CPU
		{8182CA3A-6F4C-4EC6-A159-6C5BEF4E333E}.Debug|Any CPU.ActiveCfg = Debug|Any CPU
		{8182CA3A-6F4C-4EC6-A159-6C5BEF4E333E}.Debug|Any CPU.Build.0 = Debug|Any CPU
		{8182CA3A-6F4C-4EC6-A159-6C5BEF4E333E}.Release|Any CPU.ActiveCfg = Release|Any CPU
		{8182CA3A-6F4C-4EC6-A159-6C5BEF4E333E}.Release|Any CPU.Build.0 = Release|Any CPU
		{9F3A97D7-65F2-4D10-8587-1D24320E1D4D}.Debug|Any CPU.ActiveCfg = Debug|Any CPU
		{9F3A97D7-65F2-4D10-8587-1D24320E1D4D}.Debug|Any CPU.Build.0 = Debug|Any CPU
		{9F3A97D7-65F2-4D10-8587-1D24320E1D4D}.Release|Any CPU.ActiveCfg = Release|Any CPU
		{9F3A97D7-65F2-4D10-8587-1D24320E1D4D}.Release|Any CPU.Build.0 = Release|Any CPU
		{ED1CB500-D20A-4A3B-9DB2-FF0C37695C5F}.Debug|Any CPU.ActiveCfg = Debug|Any CPU
		{ED1CB500-D20A-4A3B-9DB2-FF0C37695C5F}.Debug|Any CPU.Build.0 = Debug|Any CPU
		{ED1CB500-D20A-4A3B-9DB2-FF0C37695C5F}.Release|Any CPU.ActiveCfg = Release|Any CPU
		{ED1CB500-D20A-4A3B-9DB2-FF0C37695C5F}.Release|Any CPU.Build.0 = Release|Any CPU
		{633DDADC-62AE-45E7-A8DC-CDA30C90C4E5}.Debug|Any CPU.ActiveCfg = Debug|Any CPU
		{633DDADC-62AE-45E7-A8DC-CDA30C90C4E5}.Debug|Any CPU.Build.0 = Debug|Any CPU
		{633DDADC-62AE-45E7-A8DC-CDA30C90C4E5}.Release|Any CPU.ActiveCfg = Release|Any CPU
		{633DDADC-62AE-45E7-A8DC-CDA30C90C4E5}.Release|Any CPU.Build.0 = Release|Any CPU
		{539CDB6E-71E1-4FD2-95D7-FE719AE53F42}.Debug|Any CPU.ActiveCfg = Debug|Any CPU
		{539CDB6E-71E1-4FD2-95D7-FE719AE53F42}.Debug|Any CPU.Build.0 = Debug|Any CPU
		{539CDB6E-71E1-4FD2-95D7-FE719AE53F42}.Release|Any CPU.ActiveCfg = Release|Any CPU
		{539CDB6E-71E1-4FD2-95D7-FE719AE53F42}.Release|Any CPU.Build.0 = Release|Any CPU
		{91657050-F8F7-4917-AD32-5258AEBDC3EF}.Debug|Any CPU.ActiveCfg = Debug|Any CPU
		{91657050-F8F7-4917-AD32-5258AEBDC3EF}.Debug|Any CPU.Build.0 = Debug|Any CPU
		{91657050-F8F7-4917-AD32-5258AEBDC3EF}.Release|Any CPU.ActiveCfg = Release|Any CPU
		{91657050-F8F7-4917-AD32-5258AEBDC3EF}.Release|Any CPU.Build.0 = Release|Any CPU
		{0B6CC63A-8965-4976-9247-C024D427B569}.Debug|Any CPU.ActiveCfg = Debug|Any CPU
		{0B6CC63A-8965-4976-9247-C024D427B569}.Debug|Any CPU.Build.0 = Debug|Any CPU
		{0B6CC63A-8965-4976-9247-C024D427B569}.Release|Any CPU.ActiveCfg = Release|Any CPU
		{0B6CC63A-8965-4976-9247-C024D427B569}.Release|Any CPU.Build.0 = Release|Any CPU
		{AF8A08EF-B652-4ECD-9D01-5A4B870C770A}.Debug|Any CPU.ActiveCfg = Debug|Any CPU
		{AF8A08EF-B652-4ECD-9D01-5A4B870C770A}.Debug|Any CPU.Build.0 = Debug|Any CPU
		{AF8A08EF-B652-4ECD-9D01-5A4B870C770A}.Release|Any CPU.ActiveCfg = Release|Any CPU
		{AF8A08EF-B652-4ECD-9D01-5A4B870C770A}.Release|Any CPU.Build.0 = Release|Any CPU
		{796B9DCE-3471-4166-AB05-C08D80EECD74}.Debug|Any CPU.ActiveCfg = Debug|Any CPU
		{796B9DCE-3471-4166-AB05-C08D80EECD74}.Debug|Any CPU.Build.0 = Debug|Any CPU
		{796B9DCE-3471-4166-AB05-C08D80EECD74}.Release|Any CPU.ActiveCfg = Release|Any CPU
		{796B9DCE-3471-4166-AB05-C08D80EECD74}.Release|Any CPU.Build.0 = Release|Any CPU
		{7AD438DE-C3A0-400E-9F0C-2940DE0BD4DB}.Debug|Any CPU.ActiveCfg = Debug|Any CPU
		{7AD438DE-C3A0-400E-9F0C-2940DE0BD4DB}.Debug|Any CPU.Build.0 = Debug|Any CPU
		{7AD438DE-C3A0-400E-9F0C-2940DE0BD4DB}.Release|Any CPU.ActiveCfg = Release|Any CPU
		{7AD438DE-C3A0-400E-9F0C-2940DE0BD4DB}.Release|Any CPU.Build.0 = Release|Any CPU
		{37092C74-8E3D-4DCF-9CD9-6732348B182F}.Debug|Any CPU.ActiveCfg = Debug|Any CPU
		{37092C74-8E3D-4DCF-9CD9-6732348B182F}.Debug|Any CPU.Build.0 = Debug|Any CPU
		{37092C74-8E3D-4DCF-9CD9-6732348B182F}.Release|Any CPU.ActiveCfg = Release|Any CPU
		{37092C74-8E3D-4DCF-9CD9-6732348B182F}.Release|Any CPU.Build.0 = Release|Any CPU
		{53691C59-47EC-48AB-AE58-02FDEBEA2C84}.Debug|Any CPU.ActiveCfg = Debug|Any CPU
		{53691C59-47EC-48AB-AE58-02FDEBEA2C84}.Debug|Any CPU.Build.0 = Debug|Any CPU
		{53691C59-47EC-48AB-AE58-02FDEBEA2C84}.Release|Any CPU.ActiveCfg = Release|Any CPU
		{53691C59-47EC-48AB-AE58-02FDEBEA2C84}.Release|Any CPU.Build.0 = Release|Any CPU
	EndGlobalSection
	GlobalSection(SolutionProperties) = preSolution
		HideSolutionNode = FALSE
	EndGlobalSection
	GlobalSection(NestedProjects) = preSolution
		{5925A46B-AD89-425F-B098-A41902D7A3FA} = {498BE131-992B-4608-A12D-F8F5431DB361}
		{AEB6662D-7E15-48EC-AFB4-9D3E6D0D319B} = {498BE131-992B-4608-A12D-F8F5431DB361}
		{12236B55-485C-4D0B-917A-3B7AE911FB28} = {498BE131-992B-4608-A12D-F8F5431DB361}
		{A325C632-29B5-4197-B876-075EDA70C645} = {498BE131-992B-4608-A12D-F8F5431DB361}
		{20E8D10C-FB04-4441-A2AA-85843A74D053} = {498BE131-992B-4608-A12D-F8F5431DB361}
		{5749EC54-19E8-4E4E-A3CC-700214C7E537} = {5925A46B-AD89-425F-B098-A41902D7A3FA}
		{B1AE34A6-AC40-4F79-893E-89E717D03A15} = {A325C632-29B5-4197-B876-075EDA70C645}
		{8182CA3A-6F4C-4EC6-A159-6C5BEF4E333E} = {12236B55-485C-4D0B-917A-3B7AE911FB28}
		{9F3A97D7-65F2-4D10-8587-1D24320E1D4D} = {12236B55-485C-4D0B-917A-3B7AE911FB28}
		{ED1CB500-D20A-4A3B-9DB2-FF0C37695C5F} = {12236B55-485C-4D0B-917A-3B7AE911FB28}
		{633DDADC-62AE-45E7-A8DC-CDA30C90C4E5} = {12236B55-485C-4D0B-917A-3B7AE911FB28}
		{539CDB6E-71E1-4FD2-95D7-FE719AE53F42} = {12236B55-485C-4D0B-917A-3B7AE911FB28}
		{91657050-F8F7-4917-AD32-5258AEBDC3EF} = {B9AEBA7E-0E62-472B-9362-ACBAF2AA0B80}
		{14F951DC-3E5C-4E48-970A-2AF2902431AB} = {498BE131-992B-4608-A12D-F8F5431DB361}
		{FD586774-2DDA-4276-AA3D-E83E215CC26C} = {14F951DC-3E5C-4E48-970A-2AF2902431AB}
		{64687425-BDBB-4D6C-8E32-51D9FA85E187} = {14F951DC-3E5C-4E48-970A-2AF2902431AB}
		{45CD7140-CA5E-4022-942C-FEED43DFD67F} = {14F951DC-3E5C-4E48-970A-2AF2902431AB}
		{0B6CC63A-8965-4976-9247-C024D427B569} = {FD586774-2DDA-4276-AA3D-E83E215CC26C}
		{AF8A08EF-B652-4ECD-9D01-5A4B870C770A} = {FD586774-2DDA-4276-AA3D-E83E215CC26C}
		{796B9DCE-3471-4166-AB05-C08D80EECD74} = {45CD7140-CA5E-4022-942C-FEED43DFD67F}
		{7AD438DE-C3A0-400E-9F0C-2940DE0BD4DB} = {64687425-BDBB-4D6C-8E32-51D9FA85E187}
		{37092C74-8E3D-4DCF-9CD9-6732348B182F} = {80C9E45E-948A-4DB6-A1EE-B57D9F5C43C4}
		{53691C59-47EC-48AB-AE58-02FDEBEA2C84} = {AEB6662D-7E15-48EC-AFB4-9D3E6D0D319B}
	EndGlobalSection
	GlobalSection(ExtensibilityGlobals) = postSolution
		SolutionGuid = {02D14925-7101-40C0-AAF0-2C247C3AB5FB}
	EndGlobalSection
EndGlobal
